
Microsoft Visual Studio Solution File, Format Version 12.00
# Visual Studio 14
VisualStudioVersion = 14.0.23107.0
MinimumVisualStudioVersion = 10.0.40219.1
Project("{FAE04EC0-301F-11D3-BF4B-00C04F79EFBC}") = "MeetupTracker", "MeetupTracker\MeetupTracker.csproj", "{2D306D80-173F-4D61-9FAF-81A9B5831D8B}"
EndProject
Project("{2150E333-8FDC-42A3-9474-1A3956D46DE8}") = "PublishScripts", "PublishScripts", "{5EA7488C-AADC-43C0-943E-7631D249E1F6}"
EndProject
Project("{2150E333-8FDC-42A3-9474-1A3956D46DE8}") = "Scripts", "Scripts", "{86EA0BEB-623A-445C-B22E-74C9AD0825C9}"
	ProjectSection(SolutionItems) = preProject
		PublishScripts\Scripts\Deploy-AzureResourceGroup.ps1 = PublishScripts\Scripts\Deploy-AzureResourceGroup.ps1
	EndProjectSection
EndProject
Project("{2150E333-8FDC-42A3-9474-1A3956D46DE8}") = "Templates", "Templates", "{EFD804A0-A797-4EC0-B3AB-7FE0B9A71DD2}"
	ProjectSection(SolutionItems) = preProject
		PublishScripts\Templates\MeetupTracker.json = PublishScripts\Templates\MeetupTracker.json
		PublishScripts\Templates\MeetupTracker.param.dev.json = PublishScripts\Templates\MeetupTracker.param.dev.json
	EndProjectSection
EndProject
Global
	GlobalSection(SolutionConfigurationPlatforms) = preSolution
		Debug|Any CPU = Debug|Any CPU
		Release|Any CPU = Release|Any CPU
	EndGlobalSection
	GlobalSection(ProjectConfigurationPlatforms) = postSolution
		{2D306D80-173F-4D61-9FAF-81A9B5831D8B}.Debug|Any CPU.ActiveCfg = Debug|Any CPU
		{2D306D80-173F-4D61-9FAF-81A9B5831D8B}.Debug|Any CPU.Build.0 = Debug|Any CPU
		{2D306D80-173F-4D61-9FAF-81A9B5831D8B}.Release|Any CPU.ActiveCfg = Release|Any CPU
		{2D306D80-173F-4D61-9FAF-81A9B5831D8B}.Release|Any CPU.Build.0 = Release|Any CPU
	EndGlobalSection
	GlobalSection(SolutionProperties) = preSolution
		HideSolutionNode = FALSE
	EndGlobalSection
	GlobalSection(NestedProjects) = preSolution
		{86EA0BEB-623A-445C-B22E-74C9AD0825C9} = {5EA7488C-AADC-43C0-943E-7631D249E1F6}
		{EFD804A0-A797-4EC0-B3AB-7FE0B9A71DD2} = {5EA7488C-AADC-43C0-943E-7631D249E1F6}
	EndGlobalSection
EndGlobal
